radicale-htpasswd: ENC[AES256_GCM,data:cdSuoOuFV5tomI+k0meiuZ6CdXflyyngAxE/+0NU+VTypfhVIWV0ByaxOksVa+tlrBn73wRjhCeg2eRMDg4SjBrRuw==,iv:KJzWOEVW5P2ZZT6VyslQhQbdnQ9mPxRTlbVJMGwF1V0=,tag:RuKuQkPCfjut8+8JhcuQiw==,type:str]
sops:
    age:
        - recipient: age1gtuxtmfxm9y2363yf72fgg88r26l7e8ughldja3azzq7p54cy96qrrx083
          enc: |
            -----BEGIN AGE ENCRYPTED FILE-----
            YWdlLWVuY3J5cHRpb24ub3JnL3YxCi0+IFgyNTUxOSAwREE3TEwwSXFjWlVZdzVM
            TmtDV0lYeUw2RDNQWGwzdHg4SWZYM2JCemljClRTY2hRUVJVODFVMVdBMEpKb2Vq
            U2NaazErd0t4WjFpYnNLaXRLUTlYKzgKLS0tIDVkZkFEdnBUVHBpRVFBcEN1d09M
            Z3hNSW14RWtVS0swa1ZLQi91Y2t0c1kK+UR9hWnXCHPksE2pfg0mVZIPnNDhpnr6
            IqXRlB01JxNkNat2ZFzub0/AAMeSReDjGydLAIFVwoA4sfRSQZ1prw==
            -----END AGE ENCRYPTED FILE-----
        - recipient: age1maveygcju9rluzd5cz4wrqlx3fewurm062caqdnl9a9yyzejpasqrayqk8
          enc: |
            -----BEGIN AGE ENCRYPTED FILE-----
            YWdlLWVuY3J5cHRpb24ub3JnL3YxCi0+IFgyNTUxOSBybU9FMDBtLzdXdXJ5ZjVN
            bmw4cGpkNzRhNURoUjNUMzRsMGU0SXdnNkQ4ClliYjZteTBaQjlnOEk3a3lLT3JV
            WFZCb3hmUVVqa29Gb0FSSFdURjJGbVEKLS0tIHVQOU5RNkJMTjltSStiVFhTN1Zv
            Z0ZjaWhRR3pLUlp2U0Zqb2sxKy9LOUUKfg53lI9XliwNjEJmMGPtClFc+LBHw98R
            aZfTcFCOqi11SBNw10vMWLcUdOP8KiV+UZ+F6Yq4HBX1KU35YPI0yQ==
            -----END AGE ENCRYPTED FILE-----
    lastmodified: "2026-02-13T13:32:37Z"
    mac: ENC[AES256_GCM,data:rdQWOWH8tZiQ1eTWnDZcllckAinrTqSnqwxU4T2kNVjt7jkcAjdA53SN2qYdd0HbUNZksAqpKYiggzDfyj4Q5mvY6Kiu0F2t37M10K+zyVpYXlgy8kz4Td3c/eLKu7XRVpGVhzrEFJi5g+XQJcsD2hhxAh6KsVd0pDXBr0upJrg=,iv:oK4K20TqhTD6duRGnXqtl6Dn7I+Z2mA7OfEorVByIdw=,tag:iSUmLP88K/8VTBiCRyVmiA==,type:str]
    unencrypted_suffix: _unencrypted
    version: 3.11.0
