radicale-htpasswd: ENC[AES256_GCM,data:rxk7wkpa8kXbI+fnfV6Ty+JR3UMV/uHb2dfMOF7M/KOv8v4k,iv:1H/B/KK26o8qfI1uuRplIGS2/YyFH3h8PKvRkoVRAGI=,tag:6FEn0cG9qsYX0kJ1r178mg==,type:str]
authelia-jwt-secret: ENC[AES256_GCM,data:pPyDovz7cIGMPIhclHMoQe4EqDr7WEeBvWb+5xUT,iv:1X4sl1ht+yHKULDACJ5tlIeqoaBa1XLXSvo2tKivTQU=,tag:Vnvbygz1LS6Fk9QZVsrYTg==,type:str]
authelia-storage-key: ENC[AES256_GCM,data:LU2kUPxy8E3OAjL36eMy92GWdAz91Wky13PDNtejqg==,iv:fxjX1haQ+8UR6DE4qzamuhsd4ventGluDIeeMsUbTVU=,tag:rYpVaN3jsOqJJ3k7D4qvDA==,type:str]
sops:
    age:
        - recipient: age1gtuxtmfxm9y2363yf72fgg88r26l7e8ughldja3azzq7p54cy96qrrx083
          enc: |
            -----BEGIN AGE ENCRYPTED FILE-----
            YWdlLWVuY3J5cHRpb24ub3JnL3YxCi0+IFgyNTUxOSBhampVNHEvcy9xZVF1bFlw
            OXNpWTBERGZnMkpJcGpkT3lWUDZ1UXBEZjNNCmNTTUhlc1pDRjNOKys2Sy9PVll6
            MTZoa2JwL3krWlZHbzVWcEY0bkZUZ3MKLS0tIEQ5aDM0NHgrK2FZVjVyOXRqQnd0
            MWJRVUt4ek5FOC93aWRXdlJxRzM4ZkUKxg0XjhOHb8yNyliZIFA25VdmsrVu1VSr
            k5FwSFw67wBqeery1A2+l9tAVxKj6TXHMerGBfIeABi0EyBjTjkiLw==
            -----END AGE ENCRYPTED FILE-----
    lastmodified: "2026-02-13T12:58:59Z"
    mac: ENC[AES256_GCM,data:+Nc0FF8LFEaOX10W3NMQLEOB/AmuNdV/W9n1sUn8T+kA8XpBYK3UlsYnCGK63kSPbXvUtIPh/2Fd3f5R/AaSjXBDDeFwMWgdubydvaskuoLMczGzOjFGtTyT6bWJTDeaPLjDrPuQX70pB6U2DvwWRTZYvmJaUNTmHROwpC3oOkc=,iv:VY7ItGBEQFsx7+xAnxB4IxcHZq4F7Jw07sgDLeVb7ao=,tag:z/8jBQ0TanPv/jDA3qea9Q==,type:str]
    unencrypted_suffix: _unencrypted
    version: 3.11.0
