radicale-htpasswd: ENC[AES256_GCM,data:cdSuoOuFV5tomI+k0meiuZ6CdXflyyngAxE/+0NU+VTypfhVIWV0ByaxOksVa+tlrBn73wRjhCeg2eRMDg4SjBrRuw==,iv:KJzWOEVW5P2ZZT6VyslQhQbdnQ9mPxRTlbVJMGwF1V0=,tag:RuKuQkPCfjut8+8JhcuQiw==,type:str]
authelia-jwt-secret: ENC[AES256_GCM,data:afkXmLuf90xsmy43vZ7LbpsJl5DQgRXdYx5UT5iV5eiFPATWm7tJjA7iNkJtuijr+lLSP2yNMdrNR63myqgWP2ApF47O8os8V21dgzPAT3OQLVmz86mQlP8Mj8o7WB/NcA6TRBmJ9XdhOWOe4khIeGDCCU3HS+ftS1CgoUTex5E=,iv:Am5bjaUkJT6yeEAnh4AtqfL1aQbngukR3I+ySqiu3A8=,tag:Ay20CrQdAW8US1VVeKtysA==,type:str]
authelia-storage-encryption-key: ENC[AES256_GCM,data:nmh1pRh/HGtgNemoUh5V6L8DGAbhw5NOaatYny7qmAaVoqjFJBr41RIqwYlqa8h5/6dgNX2qRxx0D/9oV754T9d4mkxbFatF8fs6o75x68xji7uobiLO5A+pnSaZaEQhZEz+8SkXYLTn9D3XcyuWdCY12OgnWvhx/WPC8qOSX0Q=,iv:7Dn9Irj2bGDJANo2i+erD40wnzimLAS3LlUeMfFAPOo=,tag:X1X57fXHvWE9ApUcKRHppg==,type:str]
authelia-session-secret: ENC[AES256_GCM,data:bA+UrYBW8e/FCI594AdfI+gbD/lSALg9/Uf0V75W9MSByVeyZED5TxZtW66uA+QwzIPmt6+++Tvh5UNaZUrG9T0iN/RyJXQ9/DEiZwuN/+iGgUw7KWzwe942YfU/HFCiwPczHd6ScFrbw0OYxKyd3paIHsoA+mfD6KZH/NhSX44=,iv:+bzaB9sbOV7yDlNKhdxL+1BmhUQm3PaQiPhE34sOpFA=,tag:rHByxjANhrsJY9aTueIjTA==,type:str]
lldap-jwt-secret: ENC[AES256_GCM,data:oVC8gxkjoklKk6tHyggrOdhzK6ry32+7YdT2rmbXAqkuvOwab0oR00awEPmwtAaGvERv/uMvoZ1xTASSyZtnns2Xd412YVB/VMyj4FfjBvJrNnpl+H7N+iAyk/NqsXwZXqTwmyrXt32cnfDDvyrwETN/arTOfItQFEbzpRBHib4=,iv:DGZ6zhmWcCOHl8fjE2KvXSNSIu+1pX9AZn6tjCJ3p4I=,tag:N8LW9FQ4PJAHUqs43AUzEw==,type:str]
lldap-admin-password: ENC[AES256_GCM,data:6XsX2KE7ilZT5+DwnPz0PyOD1di8/oEdc69HzMW1Cn8=,iv:t5WVCyumYcDMpdFm6DE9Fcudz/xEcNsFPWq+r9+WUp8=,tag:nLV+Iwxr8ImTX+K3TrFwVg==,type:str]
sops:
    age:
        - recipient: age1gtuxtmfxm9y2363yf72fgg88r26l7e8ughldja3azzq7p54cy96qrrx083
          enc: |
            -----BEGIN AGE ENCRYPTED FILE-----
            YWdlLWVuY3J5cHRpb24ub3JnL3YxCi0+IFgyNTUxOSAwREE3TEwwSXFjWlVZdzVM
            TmtDV0lYeUw2RDNQWGwzdHg4SWZYM2JCemljClRTY2hRUVJVODFVMVdBMEpKb2Vq
            U2NaazErd0t4WjFpYnNLaXRLUTlYKzgKLS0tIDVkZkFEdnBUVHBpRVFBcEN1d09M
            Z3hNSW14RWtVS0swa1ZLQi91Y2t0c1kK+UR9hWnXCHPksE2pfg0mVZIPnNDhpnr6
            IqXRlB01JxNkNat2ZFzub0/AAMeSReDjGydLAIFVwoA4sfRSQZ1prw==
            -----END AGE ENCRYPTED FILE-----
        - recipient: age1maveygcju9rluzd5cz4wrqlx3fewurm062caqdnl9a9yyzejpasqrayqk8
          enc: |
            -----BEGIN AGE ENCRYPTED FILE-----
            YWdlLWVuY3J5cHRpb24ub3JnL3YxCi0+IFgyNTUxOSBybU9FMDBtLzdXdXJ5ZjVN
            bmw4cGpkNzRhNURoUjNUMzRsMGU0SXdnNkQ4ClliYjZteTBaQjlnOEk3a3lLT3JV
            WFZCb3hmUVVqa29Gb0FSSFdURjJGbVEKLS0tIHVQOU5RNkJMTjltSStiVFhTN1Zv
            Z0ZjaWhRR3pLUlp2U0Zqb2sxKy9LOUUKfg53lI9XliwNjEJmMGPtClFc+LBHw98R
            aZfTcFCOqi11SBNw10vMWLcUdOP8KiV+UZ+F6Yq4HBX1KU35YPI0yQ==
            -----END AGE ENCRYPTED FILE-----
    lastmodified: "2026-02-13T15:45:43Z"
    mac: ENC[AES256_GCM,data:APiAT+e4LyGHhAsYHk6T7LOsi09fsjZrsUnWsK9UJ7aJlJihRcV7KrztuSG8Rs9VJgjvWbZF8Ie8jE/Rnhr/TrbAgHCONARECxqWpZBIt8DvYngbSHoXjuC7YObvyaAIbqxDjGHYGjjegVv43oz3dj9Y8mb+QjjCm5OZ6fmZLqM=,iv:aILXHovNn28ff3tg/SrgQyhv7G5Gh9kw8gqoR0IiOEY=,tag:/Wog2hhZY4gftgJ6WvuasQ==,type:str]
    unencrypted_suffix: _unencrypted
    version: 3.11.0
